
Microsoft Visual Studio Solution File, Format Version 12.00
# Visual Studio Version 17
VisualStudioVersion = 17.5.33516.290
MinimumVisualStudioVersion = 10.0.40219.1
Project("{FAE04EC0-301F-11D3-BF4B-00C04F79EFBC}") = "Teleman", "Teleman\Teleman.csproj", "{07650E2E-C3F7-43EA-BCCC-F13C79D89ED4}"
EndProject
Global
	GlobalSection(SolutionConfigurationPlatforms) = preSolution
		Debug|Any CPU = Debug|Any CPU
		Debug|x64 = Debug|x64
		Release|Any CPU = Release|Any CPU
		Release|x64 = Release|x64
	EndGlobalSection
	GlobalSection(ProjectConfigurationPlatforms) = postSolution
		{07650E2E-C3F7-43EA-BCCC-F13C79D89ED4}.Debug|Any CPU.ActiveCfg = Debug|Any CPU
		{07650E2E-C3F7-43EA-BCCC-F13C79D89ED4}.Debug|Any CPU.Build.0 = Debug|Any CPU
		{07650E2E-C3F7-43EA-BCCC-F13C79D89ED4}.Debug|x64.ActiveCfg = Debug|x64
		{07650E2E-C3F7-43EA-BCCC-F13C79D89ED4}.Debug|x64.Build.0 = Debug|x64
		{07650E2E-C3F7-43EA-BCCC-F13C79D89ED4}.Release|Any CPU.ActiveCfg = Release|Any CPU
		{07650E2E-C3F7-43EA-BCCC-F13C79D89ED4}.Release|Any CPU.Build.0 = Release|Any CPU
		{07650E2E-C3F7-43EA-BCCC-F13C79D89ED4}.Release|x64.ActiveCfg = Release|x64
		{07650E2E-C3F7-43EA-BCCC-F13C79D89ED4}.Release|x64.Build.0 = Release|x64
	EndGlobalSection
	GlobalSection(SolutionProperties) = preSolution
		HideSolutionNode = FALSE
	EndGlobalSection
	GlobalSection(ExtensibilityGlobals) = postSolution
		SolutionGuid = {C9D803D8-5245-49F1-8716-0E968ABFA7B4}
	EndGlobalSection
EndGlobal
